lockfileVersion: '6.0'

settings:
  autoInstallPeers: true
  excludeLinksFromLockfile: false

devDependencies:
  jsdom:
    specifier: ^22.1.0
    version: 22.1.0
  vite:
    specifier: ^4.4.4
    version: 4.4.4

packages:

  /@esbuild/android-arm64@0.18.14:
    resolution: {integrity: sha512-rZ2v+Luba5/3D6l8kofWgTnqE+qsC/L5MleKIKFyllHTKHrNBMqeRCnZI1BtRx8B24xMYxeU32iIddRQqMsOsg==}
    engines: {node: '>=12'}
    cpu: [arm64]
    os: [android]
    requiresBuild: true
    dev: true
    optional: true

  /@esbuild/android-arm@0.18.14:
    resolution: {integrity: sha512-blODaaL+lngG5bdK/t4qZcQvq2BBqrABmYwqPPcS5VRxrCSGHb9R/rA3fqxh7R18I7WU4KKv+NYkt22FDfalcg==}
    engines: {node: '>=12'}
    cpu: [arm]
    os: [android]
    requiresBuild: true
    dev: true
    optional: true

  /@esbuild/android-x64@0.18.14:
    resolution: {integrity: sha512-qSwh8y38QKl+1Iqg+YhvCVYlSk3dVLk9N88VO71U4FUjtiSFylMWK3Ugr8GC6eTkkP4Tc83dVppt2n8vIdlSGg==}
    engines: {node: '>=12'}
    cpu: [x64]
    os: [android]
    requiresBuild: true
    dev: true
    optional: true

  /@esbuild/darwin-arm64@0.18.14:
    resolution: {integrity: sha512-9Hl2D2PBeDYZiNbnRKRWuxwHa9v5ssWBBjisXFkVcSP5cZqzZRFBUWEQuqBHO4+PKx4q4wgHoWtfQ1S7rUqJ2Q==}
    engines: {node: '>=12'}
    cpu: [arm64]
    os: [darwin]
    requiresBuild: true
    dev: true
    optional: true

  /@esbuild/darwin-x64@0.18.14:
    resolution: {integrity: sha512-ZnI3Dg4ElQ6tlv82qLc/UNHtFsgZSKZ7KjsUNAo1BF1SoYDjkGKHJyCrYyWjFecmXpvvG/KJ9A/oe0H12odPLQ==}
    engines: {node: '>=12'}
    cpu: [x64]
    os: [darwin]
    requiresBuild: true
    dev: true
    optional: true

  /@esbuild/freebsd-arm64@0.18.14:
    resolution: {integrity: sha512-h3OqR80Da4oQCIa37zl8tU5MwHQ7qgPV0oVScPfKJK21fSRZEhLE4IIVpmcOxfAVmqjU6NDxcxhYaM8aDIGRLw==}
    engines: {node: '>=12'}
    cpu: [arm64]
    os: [freebsd]
    requiresBuild: true
    dev: true
    optional: true

  /@esbuild/freebsd-x64@0.18.14:
    resolution: {integrity: sha512-ha4BX+S6CZG4BoH9tOZTrFIYC1DH13UTCRHzFc3GWX74nz3h/N6MPF3tuR3XlsNjMFUazGgm35MPW5tHkn2lzQ==}
    engines: {node: '>=12'}
    cpu: [x64]
    os: [freebsd]
    requiresBuild: true
    dev: true
    optional: true

  /@esbuild/linux-arm64@0.18.14:
    resolution: {integrity: sha512-IXORRe22In7U65NZCzjwAUc03nn8SDIzWCnfzJ6t/8AvGx5zBkcLfknI+0P+hhuftufJBmIXxdSTbzWc8X/V4w==}
    engines: {node: '>=12'}
    cpu: [arm64]
    os: [linux]
    requiresBuild: true
    dev: true
    optional: true

  /@esbuild/linux-arm@0.18.14:
    resolution: {integrity: sha512-5+7vehI1iqru5WRtJyU2XvTOvTGURw3OZxe3YTdE9muNNIdmKAVmSHpB3Vw2LazJk2ifEdIMt/wTWnVe5V98Kg==}
    engines: {node: '>=12'}
    cpu: [arm]
    os: [linux]
    requiresBuild: true
    dev: true
    optional: true

  /@esbuild/linux-ia32@0.18.14:
    resolution: {integrity: sha512-BfHlMa0nibwpjG+VXbOoqJDmFde4UK2gnW351SQ2Zd4t1N3zNdmUEqRkw/srC1Sa1DRBE88Dbwg4JgWCbNz/FQ==}
    engines: {node: '>=12'}
    cpu: [ia32]
    os: [linux]
    requiresBuild: true
    dev: true
    optional: true

  /@esbuild/linux-loong64@0.18.14:
    resolution: {integrity: sha512-j2/Ex++DRUWIAaUDprXd3JevzGtZ4/d7VKz+AYDoHZ3HjJzCyYBub9CU1wwIXN+viOP0b4VR3RhGClsvyt/xSw==}
    engines: {node: '>=12'}
    cpu: [loong64]
    os: [linux]
    requiresBuild: true
    dev: true
    optional: true

  /@esbuild/linux-mips64el@0.18.14:
    resolution: {integrity: sha512-qn2+nc+ZCrJmiicoAnJXJJkZWt8Nwswgu1crY7N+PBR8ChBHh89XRxj38UU6Dkthl2yCVO9jWuafZ24muzDC/A==}
    engines: {node: '>=12'}
    cpu: [mips64el]
    os: [linux]
    requiresBuild: true
    dev: true
    optional: true

  /@esbuild/linux-ppc64@0.18.14:
    resolution: {integrity: sha512-aGzXzd+djqeEC5IRkDKt3kWzvXoXC6K6GyYKxd+wsFJ2VQYnOWE954qV2tvy5/aaNrmgPTb52cSCHFE+Z7Z0yg==}
    engines: {node: '>=12'}
    cpu: [ppc64]
    os: [linux]
    requiresBuild: true
    dev: true
    optional: true

  /@esbuild/linux-riscv64@0.18.14:
    resolution: {integrity: sha512-8C6vWbfr0ygbAiMFLS6OPz0BHvApkT2gCboOGV76YrYw+sD/MQJzyITNsjZWDXJwPu9tjrFQOVG7zijRzBCnLw==}
    engines: {node: '>=12'}
    cpu: [riscv64]
    os: [linux]
    requiresBuild: true
    dev: true
    optional: true

  /@esbuild/linux-s390x@0.18.14:
    resolution: {integrity: sha512-G/Lf9iu8sRMM60OVGOh94ZW2nIStksEcITkXdkD09/T6QFD/o+g0+9WVyR/jajIb3A0LvBJ670tBnGe1GgXMgw==}
    engines: {node: '>=12'}
    cpu: [s390x]
    os: [linux]
    requiresBuild: true
    dev: true
    optional: true

  /@esbuild/linux-x64@0.18.14:
    resolution: {integrity: sha512-TBgStYBQaa3EGhgqIDM+ECnkreb0wkcKqL7H6m+XPcGUoU4dO7dqewfbm0mWEQYH3kzFHrzjOFNpSAVzDZRSJw==}
    engines: {node: '>=12'}
    cpu: [x64]
    os: [linux]
    requiresBuild: true
    dev: true
    optional: true

  /@esbuild/netbsd-x64@0.18.14:
    resolution: {integrity: sha512-stvCcjyCQR2lMTroqNhAbvROqRjxPEq0oQ380YdXxA81TaRJEucH/PzJ/qsEtsHgXlWFW6Ryr/X15vxQiyRXVg==}
    engines: {node: '>=12'}
    cpu: [x64]
    os: [netbsd]
    requiresBuild: true
    dev: true
    optional: true

  /@esbuild/openbsd-x64@0.18.14:
    resolution: {integrity: sha512-apAOJF14CIsN5ht1PA57PboEMsNV70j3FUdxLmA2liZ20gEQnfTG5QU0FhENo5nwbTqCB2O3WDsXAihfODjHYw==}
    engines: {node: '>=12'}
    cpu: [x64]
    os: [openbsd]
    requiresBuild: true
    dev: true
    optional: true

  /@esbuild/sunos-x64@0.18.14:
    resolution: {integrity: sha512-fYRaaS8mDgZcGybPn2MQbn1ZNZx+UXFSUoS5Hd2oEnlsyUcr/l3c6RnXf1bLDRKKdLRSabTmyCy7VLQ7VhGdOQ==}
    engines: {node: '>=12'}
    cpu: [x64]
    os: [sunos]
    requiresBuild: true
    dev: true
    optional: true

  /@esbuild/win32-arm64@0.18.14:
    resolution: {integrity: sha512-1c44RcxKEJPrVj62XdmYhxXaU/V7auELCmnD+Ri+UCt+AGxTvzxl9uauQhrFso8gj6ZV1DaORV0sT9XSHOAk8Q==}
    engines: {node: '>=12'}
    cpu: [arm64]
    os: [win32]
    requiresBuild: true
    dev: true
    optional: true

  /@esbuild/win32-ia32@0.18.14:
    resolution: {integrity: sha512-EXAFttrdAxZkFQmpvcAQ2bywlWUsONp/9c2lcfvPUhu8vXBBenCXpoq9YkUvVP639ld3YGiYx0YUQ6/VQz3Maw==}
    engines: {node: '>=12'}
    cpu: [ia32]
    os: [win32]
    requiresBuild: true
    dev: true
    optional: true

  /@esbuild/win32-x64@0.18.14:
    resolution: {integrity: sha512-K0QjGbcskx+gY+qp3v4/940qg8JitpXbdxFhRDA1aYoNaPff88+aEwoq45aqJ+ogpxQxmU0ZTjgnrQD/w8iiUg==}
    engines: {node: '>=12'}
    cpu: [x64]
    os: [win32]
    requiresBuild: true
    dev: true
    optional: true

  /@tootallnate/once@2.0.0:
    resolution: {integrity: sha512-XCuKFP5PS55gnMVu3dty8KPatLqUoy/ZYzDzAGCQ8JNFCkLXzmI7vNHCR+XpbZaMWQK/vQubr7PkYq8g470J/A==}
    engines: {node: '>= 10'}
    dev: true

  /abab@2.0.6:
    resolution: {integrity: sha512-j2afSsaIENvHZN2B8GOpF566vZ5WVk5opAiMTvWgaQT8DkbOqsTfvNAvHoRGU2zzP8cPoqys+xHTRDWW8L+/BA==}
    dev: true

  /agent-base@6.0.2:
    resolution: {integrity: sha512-RZNwNclF7+MS/8bDg70amg32dyeZGZxiDuQmZxKLAlQjr3jGyLx+4Kkk58UO7D2QdgFIQCovuSuZESne6RG6XQ==}
    engines: {node: '>= 6.0.0'}
    dependencies:
      debug: 4.3.4
    transitivePeerDependencies:
      - supports-color
    dev: true

  /asynckit@0.4.0:
    resolution: {integrity: sha512-Oei9OH4tRh0YqU3GxhX79dM/mwVgvbZJaSNaRk+bshkj0S5cfHcgYakreBjrHwatXKbz+IoIdYLxrKim2MjW0Q==}
    dev: true

  /combined-stream@1.0.8:
    resolution: {integrity: sha512-FQN4MRfuJeHf7cBbBMJFXhKSDq+2kAArBlmRBvcvFE5BB1HZKXtSFASDhdlz9zOYwxh8lDdnvmMOe/+5cdoEdg==}
    engines: {node: '>= 0.8'}
    dependencies:
      delayed-stream: 1.0.0
    dev: true

  /cssstyle@3.0.0:
    resolution: {integrity: sha512-N4u2ABATi3Qplzf0hWbVCdjenim8F3ojEXpBDF5hBpjzW182MjNGLqfmQ0SkSPeQ+V86ZXgeH8aXj6kayd4jgg==}
    engines: {node: '>=14'}
    dependencies:
      rrweb-cssom: 0.6.0
    dev: true

  /data-urls@4.0.0:
    resolution: {integrity: sha512-/mMTei/JXPqvFqQtfyTowxmJVwr2PVAeCcDxyFf6LhoOu/09TX2OX3kb2wzi4DMXcfj4OItwDOnhl5oziPnT6g==}
    engines: {node: '>=14'}
    dependencies:
      abab: 2.0.6
      whatwg-mimetype: 3.0.0
      whatwg-url: 12.0.1
    dev: true

  /debug@4.3.4:
    resolution: {integrity: sha512-PRWFHuSU3eDtQJPvnNY7Jcket1j0t5OuOsFzPPzsekD52Zl8qUfFIPEiswXqIvHWGVHOgX+7G/vCNNhehwxfkQ==}
    engines: {node: '>=6.0'}
    peerDependencies:
      supports-color: '*'
    peerDependenciesMeta:
      supports-color:
        optional: true
    dependencies:
      ms: 2.1.2
    dev: true

  /decimal.js@10.4.3:
    resolution: {integrity: sha512-VBBaLc1MgL5XpzgIP7ny5Z6Nx3UrRkIViUkPUdtl9aya5amy3De1gsUUSB1g3+3sExYNjCAsAznmukyxCb1GRA==}
    dev: true

  /delayed-stream@1.0.0:
    resolution: {integrity: sha512-ZySD7Nf91aLB0RxL4KGrKHBXl7Eds1DAmEdcoVawXnLD7SDhpNgtuII2aAkg7a7QS41jxPSZ17p4VdGnMHk3MQ==}
    engines: {node: '>=0.4.0'}
    dev: true

  /domexception@4.0.0:
    resolution: {integrity: sha512-A2is4PLG+eeSfoTMA95/s4pvAoSo2mKtiM5jlHkAVewmiO8ISFTFKZjH7UAM1Atli/OT/7JHOrJRJiMKUZKYBw==}
    engines: {node: '>=12'}
    dependencies:
      webidl-conversions: 7.0.0
    dev: true

  /entities@4.5.0:
    resolution: {integrity: sha512-V0hjH4dGPh9Ao5p0MoRY6BVqtwCjhz6vI5LT8AJ55H+4g9/4vbHx1I54fS0XuclLhDHArPQCiMjDxjaL8fPxhw==}
    engines: {node: '>=0.12'}
    dev: true

  /esbuild@0.18.14:
    resolution: {integrity: sha512-uNPj5oHPYmj+ZhSQeYQVFZ+hAlJZbAGOmmILWIqrGvPVlNLbyOvU5Bu6Woi8G8nskcx0vwY0iFoMPrzT86Ko+w==}
    engines: {node: '>=12'}
    hasBin: true
    requiresBuild: true
    optionalDependencies:
      '@esbuild/android-arm': 0.18.14
      '@esbuild/android-arm64': 0.18.14
      '@esbuild/android-x64': 0.18.14
      '@esbuild/darwin-arm64': 0.18.14
      '@esbuild/darwin-x64': 0.18.14
      '@esbuild/freebsd-arm64': 0.18.14
      '@esbuild/freebsd-x64': 0.18.14
      '@esbuild/linux-arm': 0.18.14
      '@esbuild/linux-arm64': 0.18.14
      '@esbuild/linux-ia32': 0.18.14
      '@esbuild/linux-loong64': 0.18.14
      '@esbuild/linux-mips64el': 0.18.14
      '@esbuild/linux-ppc64': 0.18.14
      '@esbuild/linux-riscv64': 0.18.14
      '@esbuild/linux-s390x': 0.18.14
      '@esbuild/linux-x64': 0.18.14
      '@esbuild/netbsd-x64': 0.18.14
      '@esbuild/openbsd-x64': 0.18.14
      '@esbuild/sunos-x64': 0.18.14
      '@esbuild/win32-arm64': 0.18.14
      '@esbuild/win32-ia32': 0.18.14
      '@esbuild/win32-x64': 0.18.14
    dev: true

  /form-data@4.0.0:
    resolution: {integrity: sha512-ETEklSGi5t0QMZuiXoA/Q6vcnxcLQP5vdugSpuAyi6SVGi2clPPp+xgEhuMaHC+zGgn31Kd235W35f7Hykkaww==}
    engines: {node: '>= 6'}
    dependencies:
      asynckit: 0.4.0
      combined-stream: 1.0.8
      mime-types: 2.1.35
    dev: true

  /fsevents@2.3.2:
    resolution: {integrity: sha512-xiqMQR4xAeHTuB9uWm+fFRcIOgKBMiOBP+eXiyT7jsgVCq1bkVygt00oASowB7EdtpOHaaPgKt812P9ab+DDKA==}
    engines: {node: ^8.16.0 || ^10.6.0 || >=11.0.0}
    os: [darwin]
    requiresBuild: true
    dev: true
    optional: true

  /html-encoding-sniffer@3.0.0:
    resolution: {integrity: sha512-oWv4T4yJ52iKrufjnyZPkrN0CH3QnrUqdB6In1g5Fe1mia8GmF36gnfNySxoZtxD5+NmYw1EElVXiBk93UeskA==}
    engines: {node: '>=12'}
    dependencies:
      whatwg-encoding: 2.0.0
    dev: true

  /http-proxy-agent@5.0.0:
    resolution: {integrity: sha512-n2hY8YdoRE1i7r6M0w9DIw5GgZN0G25P8zLCRQ8rjXtTU3vsNFBI/vWK/UIeE6g5MUUz6avwAPXmL6Fy9D/90w==}
    engines: {node: '>= 6'}
    dependencies:
      '@tootallnate/once': 2.0.0
      agent-base: 6.0.2
      debug: 4.3.4
    transitivePeerDependencies:
      - supports-color
    dev: true

  /https-proxy-agent@5.0.1:
    resolution: {integrity: sha512-dFcAjpTQFgoLMzC2VwU+C/CbS7uRL0lWmxDITmqm7C+7F0Odmj6s9l6alZc6AELXhrnggM2CeWSXHGOdX2YtwA==}
    engines: {node: '>= 6'}
    dependencies:
      agent-base: 6.0.2
      debug: 4.3.4
    transitivePeerDependencies:
      - supports-color
    dev: true

  /iconv-lite@0.6.3:
    resolution: {integrity: sha512-4fCk79wshMdzMp2rH06qWrJE4iolqLhCUH+OiuIgU++RB0+94NlDL81atO7GX55uUKueo0txHNtvEyI6D7WdMw==}
    engines: {node: '>=0.10.0'}
    dependencies:
      safer-buffer: 2.1.2
    dev: true

  /is-potential-custom-element-name@1.0.1:
    resolution: {integrity: sha512-bCYeRA2rVibKZd+s2625gGnGF/t7DSqDs4dP7CrLA1m7jKWz6pps0LpYLJN8Q64HtmPKJ1hrN3nzPNKFEKOUiQ==}
    dev: true

  /jsdom@22.1.0:
    resolution: {integrity: sha512-/9AVW7xNbsBv6GfWho4TTNjEo9fe6Zhf9O7s0Fhhr3u+awPwAJMKwAMXnkk5vBxflqLW9hTHX/0cs+P3gW+cQw==}
    engines: {node: '>=16'}
    peerDependencies:
      canvas: ^2.5.0
    peerDependenciesMeta:
      canvas:
        optional: true
    dependencies:
      abab: 2.0.6
      cssstyle: 3.0.0
      data-urls: 4.0.0
      decimal.js: 10.4.3
      domexception: 4.0.0
      form-data: 4.0.0
      html-encoding-sniffer: 3.0.0
      http-proxy-agent: 5.0.0
      https-proxy-agent: 5.0.1
      is-potential-custom-element-name: 1.0.1
      nwsapi: 2.2.7
      parse5: 7.1.2
      rrweb-cssom: 0.6.0
      saxes: 6.0.0
      symbol-tree: 3.2.4
      tough-cookie: 4.1.3
      w3c-xmlserializer: 4.0.0
      webidl-conversions: 7.0.0
      whatwg-encoding: 2.0.0
      whatwg-mimetype: 3.0.0
      whatwg-url: 12.0.1
      ws: 8.13.0
      xml-name-validator: 4.0.0
    transitivePeerDependencies:
      - bufferutil
      - supports-color
      - utf-8-validate
    dev: true

  /mime-db@1.52.0:
    resolution: {integrity: sha512-sPU4uV7dYlvtWJxwwxHD0PuihVNiE7TyAbQ5SWxDCB9mUYvOgroQOwYQQOKPJ8CIbE+1ETVlOoK1UC2nU3gYvg==}
    engines: {node: '>= 0.6'}
    dev: true

  /mime-types@2.1.35:
    resolution: {integrity: sha512-ZDY+bPm5zTTF+YpCrAU9nK0UgICYPT0QtT1NZWFv4s++TNkcgVaT0g6+4R2uI4MjQjzysHB1zxuWL50hzaeXiw==}
    engines: {node: '>= 0.6'}
    dependencies:
      mime-db: 1.52.0
    dev: true

  /ms@2.1.2:
    resolution: {integrity: sha512-sGkPx+VjMtmA6MX27oA4FBFELFCZZ4S4XqeGOXCv68tT+jb3vk/RyaKWP0PTKyWtmLSM0b+adUTEvbs1PEaH2w==}
    dev: true

  /nanoid@3.3.6:
    resolution: {integrity: sha512-BGcqMMJuToF7i1rt+2PWSNVnWIkGCU78jBG3RxO/bZlnZPK2Cmi2QaffxGO/2RvWi9sL+FAiRiXMgsyxQ1DIDA==}
    engines: {node: ^10 || ^12 || ^13.7 || ^14 || >=15.0.1}
    hasBin: true
    dev: true

  /nwsapi@2.2.7:
    resolution: {integrity: sha512-ub5E4+FBPKwAZx0UwIQOjYWGHTEq5sPqHQNRN8Z9e4A7u3Tj1weLJsL59yH9vmvqEtBHaOmT6cYQKIZOxp35FQ==}
    dev: true

  /parse5@7.1.2:
    resolution: {integrity: sha512-Czj1WaSVpaoj0wbhMzLmWD69anp2WH7FXMB9n1Sy8/ZFF9jolSQVMu1Ij5WIyGmcBmhk7EOndpO4mIpihVqAXw==}
    dependencies:
      entities: 4.5.0
    dev: true

  /picocolors@1.0.0:
    resolution: {integrity: sha512-1fygroTLlHu66zi26VoTDv8yRgm0Fccecssto+MhsZ0D/DGW2sm8E8AjW7NU5VVTRt5GxbeZ5qBuJr+HyLYkjQ==}
    dev: true

  /postcss@8.4.26:
    resolution: {integrity: sha512-jrXHFF8iTloAenySjM/ob3gSj7pCu0Ji49hnjqzsgSRa50hkWCKD0HQ+gMNJkW38jBI68MpAAg7ZWwHwX8NMMw==}
    engines: {node: ^10 || ^12 || >=14}
    dependencies:
      nanoid: 3.3.6
      picocolors: 1.0.0
      source-map-js: 1.0.2
    dev: true

  /psl@1.9.0:
    resolution: {integrity: sha512-E/ZsdU4HLs/68gYzgGTkMicWTLPdAftJLfJFlLUAAKZGkStNU72sZjT66SnMDVOfOWY/YAoiD7Jxa9iHvngcag==}
    dev: true

  /punycode@2.3.0:
    resolution: {integrity: sha512-rRV+zQD8tVFys26lAGR9WUuS4iUAngJScM+ZRSKtvl5tKeZ2t5bvdNFdNHBW9FWR4guGHlgmsZ1G7BSm2wTbuA==}
    engines: {node: '>=6'}
    dev: true

  /querystringify@2.2.0:
    resolution: {integrity: sha512-FIqgj2EUvTa7R50u0rGsyTftzjYmv/a3hO345bZNrqabNqjtgiDMgmo4mkUjd+nzU5oF3dClKqFIPUKybUyqoQ==}
    dev: true

  /requires-port@1.0.0:
    resolution: {integrity: sha512-KigOCHcocU3XODJxsu8i/j8T9tzT4adHiecwORRQ0ZZFcp7ahwXuRU1m+yuO90C5ZUyGeGfocHDI14M3L3yDAQ==}
    dev: true

  /rollup@3.26.3:
    resolution: {integrity: sha512-7Tin0C8l86TkpcMtXvQu6saWH93nhG3dGQ1/+l5V2TDMceTxO7kDiK6GzbfLWNNxqJXm591PcEZUozZm51ogwQ==}
    engines: {node: '>=14.18.0', npm: '>=8.0.0'}
    hasBin: true
    optionalDependencies:
      fsevents: 2.3.2
    dev: true

  /rrweb-cssom@0.6.0:
    resolution: {integrity: sha512-APM0Gt1KoXBz0iIkkdB/kfvGOwC4UuJFeG/c+yV7wSc7q96cG/kJ0HiYCnzivD9SB53cLV1MlHFNfOuPaadYSw==}
    dev: true

  /safer-buffer@2.1.2:
    resolution: {integrity: sha512-YZo3K82SD7Riyi0E1EQPojLz7kpepnSQI9IyPbHHg1XXXevb5dJI7tpyN2ADxGcQbHG7vcyRHk0cbwqcQriUtg==}
    dev: true

  /saxes@6.0.0:
    resolution: {integrity: sha512-xAg7SOnEhrm5zI3puOOKyy1OMcMlIJZYNJY7xLBwSze0UjhPLnWfj2GF2EpT0jmzaJKIWKHLsaSSajf35bcYnA==}
    engines: {node: '>=v12.22.7'}
    dependencies:
      xmlchars: 2.2.0
    dev: true

  /source-map-js@1.0.2:
    resolution: {integrity: sha512-R0XvVJ9WusLiqTCEiGCmICCMplcCkIwwR11mOSD9CR5u+IXYdiseeEuXCVAjS54zqwkLcPNnmU4OeJ6tUrWhDw==}
    engines: {node: '>=0.10.0'}
    dev: true

  /symbol-tree@3.2.4:
    resolution: {integrity: sha512-9QNk5KwDF+Bvz+PyObkmSYjI5ksVUYtjW7AU22r2NKcfLJcXp96hkDWU3+XndOsUb+AQ9QhfzfCT2O+CNWT5Tw==}
    dev: true

  /tough-cookie@4.1.3:
    resolution: {integrity: sha512-aX/y5pVRkfRnfmuX+OdbSdXvPe6ieKX/G2s7e98f4poJHnqH3281gDPm/metm6E/WRamfx7WC4HUqkWHfQHprw==}
    engines: {node: '>=6'}
    dependencies:
      psl: 1.9.0
      punycode: 2.3.0
      universalify: 0.2.0
      url-parse: 1.5.10
    dev: true

  /tr46@4.1.1:
    resolution: {integrity: sha512-2lv/66T7e5yNyhAAC4NaKe5nVavzuGJQVVtRYLyQ2OI8tsJ61PMLlelehb0wi2Hx6+hT/OJUWZcw8MjlSRnxvw==}
    engines: {node: '>=14'}
    dependencies:
      punycode: 2.3.0
    dev: true

  /universalify@0.2.0:
    resolution: {integrity: sha512-CJ1QgKmNg3CwvAv/kOFmtnEN05f0D/cn9QntgNOQlQF9dgvVTHj3t+8JPdjqawCHk7V/KA+fbUqzZ9XWhcqPUg==}
    engines: {node: '>= 4.0.0'}
    dev: true

  /url-parse@1.5.10:
    resolution: {integrity: sha512-WypcfiRhfeUP9vvF0j6rw0J3hrWrw6iZv3+22h6iRMJ/8z1Tj6XfLP4DsUix5MhMPnXpiHDoKyoZ/bdCkwBCiQ==}
    dependencies:
      querystringify: 2.2.0
      requires-port: 1.0.0
    dev: true

  /vite@4.4.4:
    resolution: {integrity: sha512-4mvsTxjkveWrKDJI70QmelfVqTm+ihFAb6+xf4sjEU2TmUCTlVX87tmg/QooPEMQb/lM9qGHT99ebqPziEd3wg==}
    engines: {node: ^14.18.0 || >=16.0.0}
    hasBin: true
    peerDependencies:
      '@types/node': '>= 14'
      less: '*'
      lightningcss: ^1.21.0
      sass: '*'
      stylus: '*'
      sugarss: '*'
      terser: ^5.4.0
    peerDependenciesMeta:
      '@types/node':
        optional: true
      less:
        optional: true
      lightningcss:
        optional: true
      sass:
        optional: true
      stylus:
        optional: true
      sugarss:
        optional: true
      terser:
        optional: true
    dependencies:
      esbuild: 0.18.14
      postcss: 8.4.26
      rollup: 3.26.3
    optionalDependencies:
      fsevents: 2.3.2
    dev: true

  /w3c-xmlserializer@4.0.0:
    resolution: {integrity: sha512-d+BFHzbiCx6zGfz0HyQ6Rg69w9k19nviJspaj4yNscGjrHu94sVP+aRm75yEbCh+r2/yR+7q6hux9LVtbuTGBw==}
    engines: {node: '>=14'}
    dependencies:
      xml-name-validator: 4.0.0
    dev: true

  /webidl-conversions@7.0.0:
    resolution: {integrity: sha512-VwddBukDzu71offAQR975unBIGqfKZpM+8ZX6ySk8nYhVoo5CYaZyzt3YBvYtRtO+aoGlqxPg/B87NGVZ/fu6g==}
    engines: {node: '>=12'}
    dev: true

  /whatwg-encoding@2.0.0:
    resolution: {integrity: sha512-p41ogyeMUrw3jWclHWTQg1k05DSVXPLcVxRTYsXUk+ZooOCZLcoYgPZ/HL/D/N+uQPOtcp1me1WhBEaX02mhWg==}
    engines: {node: '>=12'}
    dependencies:
      iconv-lite: 0.6.3
    dev: true

  /whatwg-mimetype@3.0.0:
    resolution: {integrity: sha512-nt+N2dzIutVRxARx1nghPKGv1xHikU7HKdfafKkLNLindmPU/ch3U31NOCGGA/dmPcmb1VlofO0vnKAcsm0o/Q==}
    engines: {node: '>=12'}
    dev: true

  /whatwg-url@12.0.1:
    resolution: {integrity: sha512-Ed/LrqB8EPlGxjS+TrsXcpUond1mhccS3pchLhzSgPCnTimUCKj3IZE75pAs5m6heB2U2TMerKFUXheyHY+VDQ==}
    engines: {node: '>=14'}
    dependencies:
      tr46: 4.1.1
      webidl-conversions: 7.0.0
    dev: true

  /ws@8.13.0:
    resolution: {integrity: sha512-x9vcZYTrFPC7aSIbj7sRCYo7L/Xb8Iy+pW0ng0wt2vCJv7M9HOMy0UoN3rr+IFC7hb7vXoqS+P9ktyLLLhO+LA==}
    engines: {node: '>=10.0.0'}
    peerDependencies:
      bufferutil: ^4.0.1
      utf-8-validate: '>=5.0.2'
    peerDependenciesMeta:
      bufferutil:
        optional: true
      utf-8-validate:
        optional: true
    dev: true

  /xml-name-validator@4.0.0:
    resolution: {integrity: sha512-ICP2e+jsHvAj2E2lIHxa5tjXRlKDJo4IdvPvCXbXQGdzSfmSpNVyIKMvoZHjDY9DP0zV17iI85o90vRFXNccRw==}
    engines: {node: '>=12'}
    dev: true

  /xmlchars@2.2.0:
    resolution: {integrity: sha512-JZnDKK8B0RCDw84FNdDAIpZK+JuJw+s7Lz8nksI7SIuU3UXJJslUthsi+uWBUYOwPFwW7W7PRLRfUKpxjtjFCw==}
    dev: true
